Microsoft Visual Studio Solution File, Format Version 12.00
# Visual Studio Version 17
VisualStudioVersion = 17.5.2.0
MinimumVisualStudioVersion = 10.0.40219.1
Project("{2150E333-8FDC-42A3-9474-1A3956D46DE8}") = "examples", "examples", "{B36A84DF-456D-A817-6EDD-3EC3E7F6E11F}"
EndProject
Project("{2150E333-8FDC-42A3-9474-1A3956D46DE8}") = "basic-crud", "basic-crud", "{C5FB94AF-FE53-1F6F-89A7-3861B8079FF1}"
EndProject
Project("{FAE04EC0-301F-11D3-BF4B-00C04F79EFBC}") = "HPKVExample", "HPKVExample.csproj", "{8CBEE99F-B72E-F9D4-5B23-494BFA190DBA}"
EndProject
Global
	GlobalSection(SolutionConfigurationPlatforms) = preSolution
		Debug|Any CPU = Debug|Any CPU
		Release|Any CPU = Release|Any CPU
	EndGlobalSection
	GlobalSection(ProjectConfigurationPlatforms) = postSolution
		{8CBEE99F-B72E-F9D4-5B23-494BFA190DBA}.Debug|Any CPU.ActiveCfg = Debug|Any CPU
		{8CBEE99F-B72E-F9D4-5B23-494BFA190DBA}.Debug|Any CPU.Build.0 = Debug|Any CPU
		{8CBEE99F-B72E-F9D4-5B23-494BFA190DBA}.Release|Any CPU.ActiveCfg = Release|Any CPU
		{8CBEE99F-B72E-F9D4-5B23-494BFA190DBA}.Release|Any CPU.Build.0 = Release|Any CPU
	EndGlobalSection
	GlobalSection(SolutionProperties) = preSolution
		HideSolutionNode = FALSE
	EndGlobalSection
	GlobalSection(NestedProjects) = preSolution
		{C5FB94AF-FE53-1F6F-89A7-3861B8079FF1} = {B36A84DF-456D-A817-6EDD-3EC3E7F6E11F}
		{8CBEE99F-B72E-F9D4-5B23-494BFA190DBA} = {C5FB94AF-FE53-1F6F-89A7-3861B8079FF1}
	EndGlobalSection
	GlobalSection(ExtensibilityGlobals) = postSolution
		SolutionGuid = {0FFA1993-DBFA-4D03-B9EC-8CF50027B204}
	EndGlobalSection
EndGlobal
